
Microsoft Visual Studio Solution File, Format Version 12.00
# Visual Studio 15
VisualStudioVersion = 15.0.27130.2027
MinimumVisualStudioVersion = 10.0.40219.1
Project("{FAE04EC0-301F-11D3-BF4B-00C04F79EFBC}") = "CrazyKTV_WCF_Demo", "CrazyKTV_WCF_Demo\CrazyKTV_WCF_Demo.csproj", "{1E8E1AED-1148-4901-B1C0-2A6D1FB16321}"
EndProject
Global
	GlobalSection(SolutionConfigurationPlatforms) = preSolution
		Debug|Any CPU = Debug|Any CPU
		Release|Any CPU = Release|Any CPU
	EndGlobalSection
	GlobalSection(ProjectConfigurationPlatforms) = postSolution
		{1E8E1AED-1148-4901-B1C0-2A6D1FB16321}.Debug|Any CPU.ActiveCfg = Debug|Any CPU
		{1E8E1AED-1148-4901-B1C0-2A6D1FB16321}.Debug|Any CPU.Build.0 = Debug|Any CPU
		{1E8E1AED-1148-4901-B1C0-2A6D1FB16321}.Release|Any CPU.ActiveCfg = Release|Any CPU
		{1E8E1AED-1148-4901-B1C0-2A6D1FB16321}.Release|Any CPU.Build.0 = Release|Any CPU
	EndGlobalSection
	GlobalSection(SolutionProperties) = preSolution
		HideSolutionNode = FALSE
	EndGlobalSection
	GlobalSection(ExtensibilityGlobals) = postSolution
		SolutionGuid = {D17145F6-7212-4AA8-BB72-545CAAB14C84}
	EndGlobalSection
EndGlobal
